{
  "name": "twitchplaysvbox",
  "version": "1.0.0",
  "lockfileVersion": 1,
  "requires": true,
  "dependencies": {
    "axios": {
      "version": "0.21.1",
      "resolved": "https://registry.npmjs.org/axios/-/axios-0.21.1.tgz",
      "integrity": "sha512-dKQiRHxGD9PPRIUNIWvZhPTPpl1rf/OxTYKsqKUDjBwYylTvV7SjSHJb9ratfyzM6wCdLCOYLzs73qpg5c4iGA==",
      "requires": {
        "follow-redirects": "^1.10.0"
      }
    },
    "axios-ntlm": {
      "version": "1.1.6",
      "resolved": "https://registry.npmjs.org/axios-ntlm/-/axios-ntlm-1.1.6.tgz",
      "integrity": "sha512-82tpPDjnTWijSfihRinNxvxhmagsgMHWffMgKrWNtD6zt2DbhLOuOa85gWhAK0u4khhhMXwoDsi+gXaUtqTZoQ==",
      "requires": {
        "axios": "^0.21.1"
      }
    },
    "balanced-match": {
      "version": "1.0.2",
      "resolved": "https://registry.npmjs.org/balanced-match/-/balanced-match-1.0.2.tgz",
      "integrity": "sha512-3oSeUO0TMV67hN1AmbXsK4yaqU7tjiHlbxRDZOpH0KW9+CeX4bRAaX0Anxt0tx2MrpRpWwQaPwIlISEJhYU5Pw==",
      "optional": true
    },
    "brace-expansion": {
      "version": "1.1.11",
      "resolved": "https://registry.npmjs.org/brace-expansion/-/brace-expansion-1.1.11.tgz",
      "integrity": "sha512-iCuPHDFgrHX7H2vEI/5xpz07zSHB00TpugqhmYtVmMO6518mCuRMoOYFldEBl0g187ufozdaHgWKcYFb61qGiA==",
      "optional": true,
      "requires": {
        "balanced-match": "^1.0.0",
        "concat-map": "0.0.1"
      }
    },
    "bunyan": {
      "version": "1.8.15",
      "resolved": "https://registry.npmjs.org/bunyan/-/bunyan-1.8.15.tgz",
      "integrity": "sha512-0tECWShh6wUysgucJcBAoYegf3JJoZWibxdqhTm7OHPeT42qdjkZ29QCMcKwbgU1kiH+auSIasNRXMLWXafXig==",
      "requires": {
        "dtrace-provider": "~0.8",
        "moment": "^2.19.3",
        "mv": "~2",
        "safe-json-stringify": "~1"
      }
    },
    "concat-map": {
      "version": "0.0.1",
      "resolved": "https://registry.npmjs.org/concat-map/-/concat-map-0.0.1.tgz",
      "integrity": "sha1-2Klr13/Wjfd5OnMDajug1UBdR3s=",
      "optional": true
    },
    "debug": {
      "version": "4.3.2",
      "resolved": "https://registry.npmjs.org/debug/-/debug-4.3.2.tgz",
      "integrity": "sha512-mOp8wKcvj7XxC78zLgw/ZA+6TSgkoE2C/ienthhRD298T7UNwAg9diBpLRxC0mOezLl4B0xV7M0cCO6P/O0Xhw==",
      "requires": {
        "ms": "2.1.2"
      }
    },
    "dtrace-provider": {
      "version": "0.8.8",
      "resolved": "https://registry.npmjs.org/dtrace-provider/-/dtrace-provider-0.8.8.tgz",
      "integrity": "sha512-b7Z7cNtHPhH9EJhNNbbeqTcXB8LGFFZhq1PGgEvpeHlzd36bhbdTWoE/Ba/YguqpBSlAPKnARWhVlhunCMwfxg==",
      "optional": true,
      "requires": {
        "nan": "^2.14.0"
      }
    },
    "follow-redirects": {
      "version": "1.14.1",
      "resolved": "https://registry.npmjs.org/follow-redirects/-/follow-redirects-1.14.1.tgz",
      "integrity": "sha512-HWqDgT7ZEkqRzBvc2s64vSZ/hfOceEol3ac/7tKwzuvEyWx3/4UegXh5oBOIotkGsObyk3xznnSRVADBgWSQVg=="
    },
    "get-stream": {
      "version": "6.0.1",
      "resolved": "https://registry.npmjs.org/get-stream/-/get-stream-6.0.1.tgz",
      "integrity": "sha512-ts6Wi+2j3jQjqi70w5AlN8DFnkSwC+MqmxEzdEALB2qXZYV3X/b1CTfgPLGJNMeAWxdPfU8FO1ms3NUfaHCPYg=="
    },
    "glob": {
      "version": "6.0.4",
      "resolved": "https://registry.npmjs.org/glob/-/glob-6.0.4.tgz",
      "integrity": "sha1-DwiGD2oVUSey+t1PnOJLGqtuTSI=",
      "optional": true,
      "requires": {
        "inflight": "^1.0.4",
        "inherits": "2",
        "minimatch": "2 || 3",
        "once": "^1.3.0",
        "path-is-absolute": "^1.0.0"
      }
    },
    "inflight": {
      "version": "1.0.6",
      "resolved": "https://registry.npmjs.org/inflight/-/inflight-1.0.6.tgz",
      "integrity": "sha1-Sb1jMdfQLQwJvJEKEHW6gWW1bfk=",
      "optional": true,
      "requires": {
        "once": "^1.3.0",
        "wrappy": "1"
      }
    },
    "inherits": {
      "version": "2.0.4",
      "resolved": "https://registry.npmjs.org/inherits/-/inherits-2.0.4.tgz",
      "integrity": "sha512-k/vGaX4/Yla3WzyMCvTQOXYeIHvqOKtnqBduzTHpzpQZzAskKMhZ2K+EnBiSM9zGSoIFeMpXKxa4dYeZIQqewQ==",
      "optional": true
    },
    "lodash": {
      "version": "4.17.21",
      "resolved": "https://registry.npmjs.org/lodash/-/lodash-4.17.21.tgz",
      "integrity": "sha512-v2kDEe57lecTulaDIuNTPy3Ry4gLGJ6Z1O3vE1krgXZNrsQ+LFTGHVxVjcXPs17LhbZVGedAJv8XZ1tvj5FvSg=="
    },
    "minimatch": {
      "version": "3.0.4",
      "resolved": "https://registry.npmjs.org/minimatch/-/minimatch-3.0.4.tgz",
      "integrity": "sha512-yJHVQEhyqPLUTgt9B83PXu6W3rx4MvvHvSUvToogpwoGDOUQ+yDrR0HRot+yOCdCO7u4hX3pWft6kWBBcqh0UA==",
      "optional": true,
      "requires": {
        "brace-expansion": "^1.1.7"
      }
    },
    "minimist": {
      "version": "1.2.5",
      "resolved": "https://registry.npmjs.org/minimist/-/minimist-1.2.5.tgz",
      "integrity": "sha512-FM9nNUYrRBAELZQT3xeZQ7fmMOBg6nWNmJKTcgsJeaLstP/UODVpGsr5OhXhhXg6f+qtJ8uiZ+PUxkDWcgIXLw==",
      "optional": true
    },
    "mkdirp": {
      "version": "0.5.5",
      "resolved": "https://registry.npmjs.org/mkdirp/-/mkdirp-0.5.5.tgz",
      "integrity": "sha512-NKmAlESf6jMGym1++R0Ra7wvhV+wFW63FaSOFPwRahvea0gMUcGUhVeAg/0BC0wiv9ih5NYPB1Wn1UEI1/L+xQ==",
      "optional": true,
      "requires": {
        "minimist": "^1.2.5"
      }
    },
    "moment": {
      "version": "2.29.1",
      "resolved": "https://registry.npmjs.org/moment/-/moment-2.29.1.tgz",
      "integrity": "sha512-kHmoybcPV8Sqy59DwNDY3Jefr64lK/by/da0ViFcuA4DH0vQg5Q6Ze5VimxkfQNSC+Mls/Kx53s7TjP1RhFEDQ==",
      "optional": true
    },
    "ms": {
      "version": "2.1.2",
      "resolved": "https://registry.npmjs.org/ms/-/ms-2.1.2.tgz",
      "integrity": "sha512-sGkPx+VjMtmA6MX27oA4FBFELFCZZ4S4XqeGOXCv68tT+jb3vk/RyaKWP0PTKyWtmLSM0b+adUTEvbs1PEaH2w=="
    },
    "mv": {
      "version": "2.1.1",
      "resolved": "https://registry.npmjs.org/mv/-/mv-2.1.1.tgz",
      "integrity": "sha1-rmzg1vbV4KT32JN5jQPB6pVZtqI=",
      "optional": true,
      "requires": {
        "mkdirp": "~0.5.1",
        "ncp": "~2.0.0",
        "rimraf": "~2.4.0"
      }
    },
    "nan": {
      "version": "2.15.0",
      "resolved": "https://registry.npmjs.org/nan/-/nan-2.15.0.tgz",
      "integrity": "sha512-8ZtvEnA2c5aYCZYd1cvgdnU6cqwixRoYg70xPLWUws5ORTa/lnw+u4amixRS/Ac5U5mQVgp9pnlSUnbNWFaWZQ==",
      "optional": true
    },
    "ncp": {
      "version": "2.0.0",
      "resolved": "https://registry.npmjs.org/ncp/-/ncp-2.0.0.tgz",
      "integrity": "sha1-GVoh1sRuNh0vsSgbo4uR6d9727M=",
      "optional": true
    },
    "node-fetch": {
      "version": "2.6.1",
      "resolved": "https://registry.npmjs.org/node-fetch/-/node-fetch-2.6.1.tgz",
      "integrity": "sha512-V4aYg89jEoVRxRb2fJdAg8FHvI7cEyYdVAh94HH0UIK8oJxUfkjlDQN9RbMx+bEjP7+ggMiFRprSti032Oipxw=="
    },
    "once": {
      "version": "1.4.0",
      "resolved": "https://registry.npmjs.org/once/-/once-1.4.0.tgz",
      "integrity": "sha1-WDsap3WWHUsROsF9nFC6753Xa9E=",
      "optional": true,
      "requires": {
        "wrappy": "1"
      }
    },
    "path-is-absolute": {
      "version": "1.0.1",
      "resolved": "https://registry.npmjs.org/path-is-absolute/-/path-is-absolute-1.0.1.tgz",
      "integrity": "sha1-F0uSaHNVNP+8es5r9TpanhtcX18=",
      "optional": true
    },
    "rimraf": {
      "version": "2.4.5",
      "resolved": "https://registry.npmjs.org/rimraf/-/rimraf-2.4.5.tgz",
      "integrity": "sha1-7nEM5dk6j9uFb7Xqj/Di11k0sto=",
      "optional": true,
      "requires": {
        "glob": "^6.0.1"
      }
    },
    "safe-json-stringify": {
      "version": "1.2.0",
      "resolved": "https://registry.npmjs.org/safe-json-stringify/-/safe-json-stringify-1.2.0.tgz",
      "integrity": "sha512-gH8eh2nZudPQO6TytOvbxnuhYBOvDBBLW52tz5q6X58lJcd/tkmqFR+5Z9adS8aJtURSXWThWy/xJtJwixErvg==",
      "optional": true
    },
    "sax": {
      "version": "1.2.4",
      "resolved": "https://registry.npmjs.org/sax/-/sax-1.2.4.tgz",
      "integrity": "sha512-NqVDv9TpANUjFm0N8uM5GxL36UgKi9/atZw+x7YFnQ8ckwFGKrl4xX4yWtrey3UJm5nP1kUbnYgLopqWNSRhWw=="
    },
    "soap": {
      "version": "0.40.0",
      "resolved": "https://registry.npmjs.org/soap/-/soap-0.40.0.tgz",
      "integrity": "sha512-66GjEXIWyRsc24RXtzzoVaXtHzd3+DRy0PsXxMGrqGU26mqKfORbtDLFJIyp2OXcCHch5pM0LkXUXI/d/KouNw==",
      "requires": {
        "axios": "^0.21.1",
        "axios-ntlm": "^1.1.6",
        "debug": "^4.3.1",
        "get-stream": "^6.0.1",
        "lodash": "^4.17.21",
        "sax": ">=0.6",
        "strip-bom": "^3.0.0",
        "uuid": "^8.3.2",
        "xml-crypto": "^2.1.0"
      }
    },
    "strip-bom": {
      "version": "3.0.0",
      "resolved": "https://registry.npmjs.org/strip-bom/-/strip-bom-3.0.0.tgz",
      "integrity": "sha1-IzTBjpx1n3vdVv3vfprj1YjmjtM="
    },
    "tmi.js": {
      "version": "1.8.3",
      "resolved": "https://registry.npmjs.org/tmi.js/-/tmi.js-1.8.3.tgz",
      "integrity": "sha512-1YAO3hwnkpAbUfVlpxcqOHP4Nun/+TqxWE/e/ZKMB6p40ZKczhI03oZW2Qx3pppqWjXz5kSjHdT/vTTfi2gCGQ==",
      "requires": {
        "node-fetch": "^2.6.1",
        "ws": "^7.4.3"
      }
    },
    "toml": {
      "version": "3.0.0",
      "resolved": "https://registry.npmjs.org/toml/-/toml-3.0.0.tgz",
      "integrity": "sha512-y/mWCZinnvxjTKYhJ+pYxwD0mRLVvOtdS2Awbgxln6iEnt4rk0yBxeSBHkGJcPucRiG0e55mwWp+g/05rsrd6w=="
    },
    "uuid": {
      "version": "8.3.2",
      "resolved": "https://registry.npmjs.org/uuid/-/uuid-8.3.2.tgz",
      "integrity": "sha512-+NYs2QeMWy+GWFOEm9xnn6HCDp0l7QBD7ml8zLUmJ+93Q5NF0NocErnwkTkXVFNiX3/fpC6afS8Dhb/gz7R7eg=="
    },
    "wrappy": {
      "version": "1.0.2",
      "resolved": "https://registry.npmjs.org/wrappy/-/wrappy-1.0.2.tgz",
      "integrity": "sha1-tSQ9jz7BqjXxNkYFvA0QNuMKtp8=",
      "optional": true
    },
    "ws": {
      "version": "7.5.3",
      "resolved": "https://registry.npmjs.org/ws/-/ws-7.5.3.tgz",
      "integrity": "sha512-kQ/dHIzuLrS6Je9+uv81ueZomEwH0qVYstcAQ4/Z93K8zeko9gtAbttJWzoC5ukqXY1PpoouV3+VSOqEAFt5wg=="
    },
    "xml-crypto": {
      "version": "2.1.2",
      "resolved": "https://registry.npmjs.org/xml-crypto/-/xml-crypto-2.1.2.tgz",
      "integrity": "sha512-DBhZXtBjENtLwJmeJhLUBwUm9YWNjCRvAx6ESP4VJyM9PDuKqZu2Fp5Y5HKqcdJT7vV7eI25Z4UBMezji6QloQ==",
      "requires": {
        "xmldom": "^0.6.0",
        "xpath": "0.0.32"
      }
    },
    "xmldom": {
      "version": "0.6.0",
      "resolved": "https://registry.npmjs.org/xmldom/-/xmldom-0.6.0.tgz",
      "integrity": "sha512-iAcin401y58LckRZ0TkI4k0VSM1Qg0KGSc3i8rU+xrxe19A/BN1zHyVSJY7uoutVlaTSzYyk/v5AmkewAP7jtg=="
    },
    "xpath": {
      "version": "0.0.32",
      "resolved": "https://registry.npmjs.org/xpath/-/xpath-0.0.32.tgz",
      "integrity": "sha512-rxMJhSIoiO8vXcWvSifKqhvV96GjiD5wYb8/QHdoRyQvraTpp4IEv944nhGausZZ3u7dhQXteZuZbaqfpB7uYw=="
    }
  }
}
